
Microsoft Visual Studio Solution File, Format Version 12.00
# Visual Studio Version 16
VisualStudioVersion = 16.0.29418.71
MinimumVisualStudioVersion = 10.0.40219.1
Project("{FAE04EC0-301F-11D3-BF4B-00C04F79EFBC}") = "ConsoleApp", "ConsoleApp\ConsoleApp.csproj", "{0AF7CB28-1F88-40AC-88A8-C5E1DEAD1A29}"
EndProject
Global
	GlobalSection(SolutionConfigurationPlatforms) = preSolution
		Debug|Any CPU = Debug|Any CPU
		Release|Any CPU = Release|Any CPU
	EndGlobalSection
	GlobalSection(ProjectConfigurationPlatforms) = postSolution
		{0AF7CB28-1F88-40AC-88A8-C5E1DEAD1A29}.Debug|Any CPU.ActiveCfg = Debug|Any CPU
		{0AF7CB28-1F88-40AC-88A8-C5E1DEAD1A29}.Debug|Any CPU.Build.0 = Debug|Any CPU
		{0AF7CB28-1F88-40AC-88A8-C5E1DEAD1A29}.Release|Any CPU.ActiveCfg = Release|Any CPU
		{0AF7CB28-1F88-40AC-88A8-C5E1DEAD1A29}.Release|Any CPU.Build.0 = Release|Any CPU
	EndGlobalSection
	GlobalSection(SolutionProperties) = preSolution
		HideSolutionNode = FALSE
	EndGlobalSection
	GlobalSection(ExtensibilityGlobals) = postSolution
		SolutionGuid = {D50C3CD5-7931-42E2-932F-18C36305F3DF}
	EndGlobalSection
EndGlobal
